# THIS IS AN AUTOGENERATED FILE. DO NOT EDIT THIS FILE DIRECTLY.
# yarn lockfile v1


shellcheck@^0.4.2:
  version "0.4.2"
  resolved "https://registry.yarnpkg.com/shellcheck/-/shellcheck-0.4.2.tgz#3f56eabeae8b19502582ae9c4aa30a44afda640d"
  integrity sha512-ZgQ2CxhpjLIIal1Q+/lO5vKMciT0F5zDITy4iZStsPKtjs5vnX2rwE1VGhQGkSIb4XZwFg19htlCONhBNVswxw==
