# THIS IS AN AUTOGENERATED FILE. DO NOT EDIT THIS FILE DIRECTLY.
# yarn lockfile v1


shellcheck@^1.0.0:
  version "1.0.0"
  resolved "https://registry.yarnpkg.com/shellcheck/-/shellcheck-1.0.0.tgz#263479d92c3708d63d98883f896481461cf17cd0"
  integrity sha512-CdKbWXOknBwE1wNQzAnwfLf7QNOu/yqyLSGBKoq2WuChEqfg7dnZJ1pHR2P463PbVpBRz3KGkYnXJCoQrPwtYA==
