# THIS IS AN AUTOGENERATED FILE. DO NOT EDIT THIS FILE DIRECTLY.
# yarn lockfile v1


shellcheck@^0.4.4:
  version "0.4.4"
  resolved "https://registry.yarnpkg.com/shellcheck/-/shellcheck-0.4.4.tgz#4512714db803a0bcf300adc40e16dc12ffcf8303"
  integrity sha512-d7LfrgEcGZes825x5Yehm6MkpfSQaDg4nP0VZEv7E2qX84zQXDbCdDvYJg9V9OByG2+h98Ol7nndixgGOj8cRQ==
